
Microsoft Visual Studio Solution File, Format Version 12.00
# Visual Studio 15
VisualStudioVersion = 15.0.28307.645
MinimumVisualStudioVersion = 10.0.40219.1
Project("{FAE04EC0-301F-11D3-BF4B-00C04F79EFBC}") = "FL Note.Android", "FL Note\FL Note.Android\FL Note.Android.csproj", "{C4419230-C5A6-49FE-96B2-880840823F72}"
EndProject
Project("{FAE04EC0-301F-11D3-BF4B-00C04F79EFBC}") = "FL Note.iOS", "FL Note\FL Note.iOS\FL Note.iOS.csproj", "{89B6DFD9-ADC1-4D12-8A93-0BD88AF6069E}"
EndProject
Project("{FAE04EC0-301F-11D3-BF4B-00C04F79EFBC}") = "FL Note", "FL Note\FL Note\FL Note.csproj", "{A9897C63-E2A5-4970-8280-C6FE0EFC52D3}"
EndProject
Global
	GlobalSection(SolutionConfigurationPlatforms) = preSolution
		Ad-Hoc|Any CPU = Ad-Hoc|Any CPU
		Ad-Hoc|iPhone = Ad-Hoc|iPhone
		Ad-Hoc|iPhoneSimulator = Ad-Hoc|iPhoneSimulator
		AppStore|Any CPU = AppStore|Any CPU
		AppStore|iPhone = AppStore|iPhone
		AppStore|iPhoneSimulator = AppStore|iPhoneSimulator
		Debug|Any CPU = Debug|Any CPU
		Debug|iPhone = Debug|iPhone
		Debug|iPhoneSimulator = Debug|iPhoneSimulator
		Release|Any CPU = Release|Any CPU
		Release|iPhone = Release|iPhone
		Release|iPhoneSimulator = Release|iPhoneSimulator
	EndGlobalSection
	GlobalSection(ProjectConfigurationPlatforms) = postSolution
		{C4419230-C5A6-49FE-96B2-880840823F72}.Ad-Hoc|Any CPU.ActiveCfg = Release|Any CPU
		{C4419230-C5A6-49FE-96B2-880840823F72}.Ad-Hoc|Any CPU.Build.0 = Release|Any CPU
		{C4419230-C5A6-49FE-96B2-880840823F72}.Ad-Hoc|Any CPU.Deploy.0 = Release|Any CPU
		{C4419230-C5A6-49FE-96B2-880840823F72}.Ad-Hoc|iPhone.ActiveCfg = Release|Any CPU
		{C4419230-C5A6-49FE-96B2-880840823F72}.Ad-Hoc|iPhone.Build.0 = Release|Any CPU
		{C4419230-C5A6-49FE-96B2-880840823F72}.Ad-Hoc|iPhone.Deploy.0 = Release|Any CPU
		{C4419230-C5A6-49FE-96B2-880840823F72}.Ad-Hoc|iPhoneSimulator.ActiveCfg = Release|Any CPU
		{C4419230-C5A6-49FE-96B2-880840823F72}.Ad-Hoc|iPhoneSimulator.Build.0 = Release|Any CPU
		{C4419230-C5A6-49FE-96B2-880840823F72}.Ad-Hoc|iPhoneSimulator.Deploy.0 = Release|Any CPU
		{C4419230-C5A6-49FE-96B2-880840823F72}.AppStore|Any CPU.ActiveCfg = Release|Any CPU
		{C4419230-C5A6-49FE-96B2-880840823F72}.AppStore|Any CPU.Build.0 = Release|Any CPU
		{C4419230-C5A6-49FE-96B2-880840823F72}.AppStore|Any CPU.Deploy.0 = Release|Any CPU
		{C4419230-C5A6-49FE-96B2-880840823F72}.AppStore|iPhone.ActiveCfg = Release|Any CPU
		{C4419230-C5A6-49FE-96B2-880840823F72}.AppStore|iPhone.Build.0 = Release|Any CPU
		{C4419230-C5A6-49FE-96B2-880840823F72}.AppStore|iPhone.Deploy.0 = Release|Any CPU
		{C4419230-C5A6-49FE-96B2-880840823F72}.AppStore|iPhoneSimulator.ActiveCfg = Release|Any CPU
		{C4419230-C5A6-49FE-96B2-880840823F72}.AppStore|iPhoneSimulator.Build.0 = Release|Any CPU
		{C4419230-C5A6-49FE-96B2-880840823F72}.AppStore|iPhoneSimulator.Deploy.0 = Release|Any CPU
		{C4419230-C5A6-49FE-96B2-880840823F72}.Debug|Any CPU.ActiveCfg = Debug|Any CPU
		{C4419230-C5A6-49FE-96B2-880840823F72}.Debug|Any CPU.Build.0 = Debug|Any CPU
		{C4419230-C5A6-49FE-96B2-880840823F72}.Debug|Any CPU.Deploy.0 = Debug|Any CPU
		{C4419230-C5A6-49FE-96B2-880840823F72}.Debug|iPhone.ActiveCfg = Debug|Any CPU
		{C4419230-C5A6-49FE-96B2-880840823F72}.Debug|iPhone.Build.0 = Debug|Any CPU
		{C4419230-C5A6-49FE-96B2-880840823F72}.Debug|iPhone.Deploy.0 = Debug|Any CPU
		{C4419230-C5A6-49FE-96B2-880840823F72}.Debug|iPhoneSimulator.ActiveCfg = Debug|Any CPU
		{C4419230-C5A6-49FE-96B2-880840823F72}.Debug|iPhoneSimulator.Build.0 = Debug|Any CPU
		{C4419230-C5A6-49FE-96B2-880840823F72}.Debug|iPhoneSimulator.Deploy.0 = Debug|Any CPU
		{C4419230-C5A6-49FE-96B2-880840823F72}.Release|Any CPU.ActiveCfg = Release|Any CPU
		{C4419230-C5A6-49FE-96B2-880840823F72}.Release|Any CPU.Build.0 = Release|Any CPU
		{C4419230-C5A6-49FE-96B2-880840823F72}.Release|Any CPU.Deploy.0 = Release|Any CPU
		{C4419230-C5A6-49FE-96B2-880840823F72}.Release|iPhone.ActiveCfg = Release|Any CPU
		{C4419230-C5A6-49FE-96B2-880840823F72}.Release|iPhone.Build.0 = Release|Any CPU
		{C4419230-C5A6-49FE-96B2-880840823F72}.Release|iPhone.Deploy.0 = Release|Any CPU
		{C4419230-C5A6-49FE-96B2-880840823F72}.Release|iPhoneSimulator.ActiveCfg = Release|Any CPU
		{C4419230-C5A6-49FE-96B2-880840823F72}.Release|iPhoneSimulator.Build.0 = Release|Any CPU
		{C4419230-C5A6-49FE-96B2-880840823F72}.Release|iPhoneSimulator.Deploy.0 = Release|Any CPU
		{89B6DFD9-ADC1-4D12-8A93-0BD88AF6069E}.Ad-Hoc|Any CPU.ActiveCfg = Ad-Hoc|iPhone
		{89B6DFD9-ADC1-4D12-8A93-0BD88AF6069E}.Ad-Hoc|Any CPU.Build.0 = Ad-Hoc|iPhone
		{89B6DFD9-ADC1-4D12-8A93-0BD88AF6069E}.Ad-Hoc|Any CPU.Deploy.0 = Ad-Hoc|iPhone
		{89B6DFD9-ADC1-4D12-8A93-0BD88AF6069E}.Ad-Hoc|iPhone.ActiveCfg = Ad-Hoc|iPhone
		{89B6DFD9-ADC1-4D12-8A93-0BD88AF6069E}.Ad-Hoc|iPhone.Build.0 = Ad-Hoc|iPhone
		{89B6DFD9-ADC1-4D12-8A93-0BD88AF6069E}.Ad-Hoc|iPhone.Deploy.0 = Ad-Hoc|iPhone
		{89B6DFD9-ADC1-4D12-8A93-0BD88AF6069E}.Ad-Hoc|iPhoneSimulator.ActiveCfg = Ad-Hoc|iPhoneSimulator
		{89B6DFD9-ADC1-4D12-8A93-0BD88AF6069E}.Ad-Hoc|iPhoneSimulator.Build.0 = Ad-Hoc|iPhoneSimulator
		{89B6DFD9-ADC1-4D12-8A93-0BD88AF6069E}.Ad-Hoc|iPhoneSimulator.Deploy.0 = Ad-Hoc|iPhoneSimulator
		{89B6DFD9-ADC1-4D12-8A93-0BD88AF6069E}.AppStore|Any CPU.ActiveCfg = AppStore|iPhone
		{89B6DFD9-ADC1-4D12-8A93-0BD88AF6069E}.AppStore|Any CPU.Build.0 = AppStore|iPhone
		{89B6DFD9-ADC1-4D12-8A93-0BD88AF6069E}.AppStore|Any CPU.Deploy.0 = AppStore|iPhone
		{89B6DFD9-ADC1-4D12-8A93-0BD88AF6069E}.AppStore|iPhone.ActiveCfg = AppStore|iPhone
		{89B6DFD9-ADC1-4D12-8A93-0BD88AF6069E}.AppStore|iPhone.Build.0 = AppStore|iPhone
		{89B6DFD9-ADC1-4D12-8A93-0BD88AF6069E}.AppStore|iPhone.Deploy.0 = AppStore|iPhone
		{89B6DFD9-ADC1-4D12-8A93-0BD88AF6069E}.AppStore|iPhoneSimulator.ActiveCfg = AppStore|iPhoneSimulator
		{89B6DFD9-ADC1-4D12-8A93-0BD88AF6069E}.AppStore|iPhoneSimulator.Build.0 = AppStore|iPhoneSimulator
		{89B6DFD9-ADC1-4D12-8A93-0BD88AF6069E}.AppStore|iPhoneSimulator.Deploy.0 = AppStore|iPhoneSimulator
		{89B6DFD9-ADC1-4D12-8A93-0BD88AF6069E}.Debug|Any CPU.ActiveCfg = Debug|iPhoneSimulator
		{89B6DFD9-ADC1-4D12-8A93-0BD88AF6069E}.Debug|Any CPU.Build.0 = Debug|iPhoneSimulator
		{89B6DFD9-ADC1-4D12-8A93-0BD88AF6069E}.Debug|Any CPU.Deploy.0 = Debug|iPhoneSimulator
		{89B6DFD9-ADC1-4D12-8A93-0BD88AF6069E}.Debug|iPhone.ActiveCfg = Debug|iPhone
		{89B6DFD9-ADC1-4D12-8A93-0BD88AF6069E}.Debug|iPhone.Build.0 = Debug|iPhone
		{89B6DFD9-ADC1-4D12-8A93-0BD88AF6069E}.Debug|iPhone.Deploy.0 = Debug|iPhone
		{89B6DFD9-ADC1-4D12-8A93-0BD88AF6069E}.Debug|iPhoneSimulator.ActiveCfg = Debug|iPhoneSimulator
		{89B6DFD9-ADC1-4D12-8A93-0BD88AF6069E}.Debug|iPhoneSimulator.Build.0 = Debug|iPhoneSimulator
		{89B6DFD9-ADC1-4D12-8A93-0BD88AF6069E}.Debug|iPhoneSimulator.Deploy.0 = Debug|iPhoneSimulator
		{89B6DFD9-ADC1-4D12-8A93-0BD88AF6069E}.Release|Any CPU.ActiveCfg = Release|iPhone
		{89B6DFD9-ADC1-4D12-8A93-0BD88AF6069E}.Release|Any CPU.Build.0 = Release|iPhone
		{89B6DFD9-ADC1-4D12-8A93-0BD88AF6069E}.Release|Any CPU.Deploy.0 = Release|iPhone
		{89B6DFD9-ADC1-4D12-8A93-0BD88AF6069E}.Release|iPhone.ActiveCfg = Release|iPhone
		{89B6DFD9-ADC1-4D12-8A93-0BD88AF6069E}.Release|iPhone.Build.0 = Release|iPhone
		{89B6DFD9-ADC1-4D12-8A93-0BD88AF6069E}.Release|iPhone.Deploy.0 = Release|iPhone
		{89B6DFD9-ADC1-4D12-8A93-0BD88AF6069E}.Release|iPhoneSimulator.ActiveCfg = Release|iPhoneSimulator
		{89B6DFD9-ADC1-4D12-8A93-0BD88AF6069E}.Release|iPhoneSimulator.Build.0 = Release|iPhoneSimulator
		{89B6DFD9-ADC1-4D12-8A93-0BD88AF6069E}.Release|iPhoneSimulator.Deploy.0 = Release|iPhoneSimulator
		{A9897C63-E2A5-4970-8280-C6FE0EFC52D3}.Ad-Hoc|Any CPU.ActiveCfg = Debug|Any CPU
		{A9897C63-E2A5-4970-8280-C6FE0EFC52D3}.Ad-Hoc|Any CPU.Build.0 = Debug|Any CPU
		{A9897C63-E2A5-4970-8280-C6FE0EFC52D3}.Ad-Hoc|Any CPU.Deploy.0 = Debug|Any CPU
		{A9897C63-E2A5-4970-8280-C6FE0EFC52D3}.Ad-Hoc|iPhone.ActiveCfg = Debug|Any CPU
		{A9897C63-E2A5-4970-8280-C6FE0EFC52D3}.Ad-Hoc|iPhone.Build.0 = Debug|Any CPU
		{A9897C63-E2A5-4970-8280-C6FE0EFC52D3}.Ad-Hoc|iPhone.Deploy.0 = Debug|Any CPU
		{A9897C63-E2A5-4970-8280-C6FE0EFC52D3}.Ad-Hoc|iPhoneSimulator.ActiveCfg = Debug|Any CPU
		{A9897C63-E2A5-4970-8280-C6FE0EFC52D3}.Ad-Hoc|iPhoneSimulator.Build.0 = Debug|Any CPU
		{A9897C63-E2A5-4970-8280-C6FE0EFC52D3}.Ad-Hoc|iPhoneSimulator.Deploy.0 = Debug|Any CPU
		{A9897C63-E2A5-4970-8280-C6FE0EFC52D3}.AppStore|Any CPU.ActiveCfg = Debug|Any CPU
		{A9897C63-E2A5-4970-8280-C6FE0EFC52D3}.AppStore|Any CPU.Build.0 = Debug|Any CPU
		{A9897C63-E2A5-4970-8280-C6FE0EFC52D3}.AppStore|Any CPU.Deploy.0 = Debug|Any CPU
		{A9897C63-E2A5-4970-8280-C6FE0EFC52D3}.AppStore|iPhone.ActiveCfg = Debug|Any CPU
		{A9897C63-E2A5-4970-8280-C6FE0EFC52D3}.AppStore|iPhone.Build.0 = Debug|Any CPU
		{A9897C63-E2A5-4970-8280-C6FE0EFC52D3}.AppStore|iPhone.Deploy.0 = Debug|Any CPU
		{A9897C63-E2A5-4970-8280-C6FE0EFC52D3}.AppStore|iPhoneSimulator.ActiveCfg = Debug|Any CPU
		{A9897C63-E2A5-4970-8280-C6FE0EFC52D3}.AppStore|iPhoneSimulator.Build.0 = Debug|Any CPU
		{A9897C63-E2A5-4970-8280-C6FE0EFC52D3}.AppStore|iPhoneSimulator.Deploy.0 = Debug|Any CPU
		{A9897C63-E2A5-4970-8280-C6FE0EFC52D3}.Debug|Any CPU.ActiveCfg = Debug|Any CPU
		{A9897C63-E2A5-4970-8280-C6FE0EFC52D3}.Debug|Any CPU.Build.0 = Debug|Any CPU
		{A9897C63-E2A5-4970-8280-C6FE0EFC52D3}.Debug|Any CPU.Deploy.0 = Debug|Any CPU
		{A9897C63-E2A5-4970-8280-C6FE0EFC52D3}.Debug|iPhone.ActiveCfg = Debug|Any CPU
		{A9897C63-E2A5-4970-8280-C6FE0EFC52D3}.Debug|iPhone.Build.0 = Debug|Any CPU
		{A9897C63-E2A5-4970-8280-C6FE0EFC52D3}.Debug|iPhone.Deploy.0 = Debug|Any CPU
		{A9897C63-E2A5-4970-8280-C6FE0EFC52D3}.Debug|iPhoneSimulator.ActiveCfg = Debug|Any CPU
		{A9897C63-E2A5-4970-8280-C6FE0EFC52D3}.Debug|iPhoneSimulator.Build.0 = Debug|Any CPU
		{A9897C63-E2A5-4970-8280-C6FE0EFC52D3}.Debug|iPhoneSimulator.Deploy.0 = Debug|Any CPU
		{A9897C63-E2A5-4970-8280-C6FE0EFC52D3}.Release|Any CPU.ActiveCfg = Release|Any CPU
		{A9897C63-E2A5-4970-8280-C6FE0EFC52D3}.Release|Any CPU.Build.0 = Release|Any CPU
		{A9897C63-E2A5-4970-8280-C6FE0EFC52D3}.Release|Any CPU.Deploy.0 = Release|Any CPU
		{A9897C63-E2A5-4970-8280-C6FE0EFC52D3}.Release|iPhone.ActiveCfg = Release|Any CPU
		{A9897C63-E2A5-4970-8280-C6FE0EFC52D3}.Release|iPhone.Build.0 = Release|Any CPU
		{A9897C63-E2A5-4970-8280-C6FE0EFC52D3}.Release|iPhone.Deploy.0 = Release|Any CPU
		{A9897C63-E2A5-4970-8280-C6FE0EFC52D3}.Release|iPhoneSimulator.ActiveCfg = Release|Any CPU
		{A9897C63-E2A5-4970-8280-C6FE0EFC52D3}.Release|iPhoneSimulator.Build.0 = Release|Any CPU
		{A9897C63-E2A5-4970-8280-C6FE0EFC52D3}.Release|iPhoneSimulator.Deploy.0 = Release|Any CPU
	EndGlobalSection
	GlobalSection(SolutionProperties) = preSolution
		HideSolutionNode = FALSE
	EndGlobalSection
	GlobalSection(ExtensibilityGlobals) = postSolution
		SolutionGuid = {03411EB9-A392-45ED-9001-05B84BB63B93}
	EndGlobalSection
EndGlobal
